
Microsoft Visual Studio Solution File, Format Version 12.00
# Visual Studio Version 17
VisualStudioVersion = 17.7.34202.233
MinimumVisualStudioVersion = 10.0.40219.1
Project("{9A19103F-16F7-4668-BE54-9A1E7A4F7556}") = "CA_Menu", "CA_Menu\CA_Menu.csproj", "{1D2DF2DD-7386-45D8-8E3A-EE0F720F8F75}"
EndProject
Project("{FAE04EC0-301F-11D3-BF4B-00C04F79EFBC}") = "CA_SayisalLoto", "CA_SayisalLoto\CA_SayisalLoto.csproj", "{DAA95CAE-0578-412B-9055-8176613044B4}"
EndProject
Project("{FAE04EC0-301F-11D3-BF4B-00C04F79EFBC}") = "CA_SayiOkunusu", "CA_SayiOkunusu\CA_SayiOkunusu.csproj", "{14CE10DD-1306-4BFF-90E8-38AA0A17496D}"
EndProject
Global
	GlobalSection(SolutionConfigurationPlatforms) = preSolution
		Debug|Any CPU = Debug|Any CPU
		Release|Any CPU = Release|Any CPU
	EndGlobalSection
	GlobalSection(ProjectConfigurationPlatforms) = postSolution
		{1D2DF2DD-7386-45D8-8E3A-EE0F720F8F75}.Debug|Any CPU.ActiveCfg = Debug|Any CPU
		{1D2DF2DD-7386-45D8-8E3A-EE0F720F8F75}.Debug|Any CPU.Build.0 = Debug|Any CPU
		{1D2DF2DD-7386-45D8-8E3A-EE0F720F8F75}.Release|Any CPU.ActiveCfg = Release|Any CPU
		{1D2DF2DD-7386-45D8-8E3A-EE0F720F8F75}.Release|Any CPU.Build.0 = Release|Any CPU
		{DAA95CAE-0578-412B-9055-8176613044B4}.Debug|Any CPU.ActiveCfg = Debug|Any CPU
		{DAA95CAE-0578-412B-9055-8176613044B4}.Debug|Any CPU.Build.0 = Debug|Any CPU
		{DAA95CAE-0578-412B-9055-8176613044B4}.Release|Any CPU.ActiveCfg = Release|Any CPU
		{DAA95CAE-0578-412B-9055-8176613044B4}.Release|Any CPU.Build.0 = Release|Any CPU
		{14CE10DD-1306-4BFF-90E8-38AA0A17496D}.Debug|Any CPU.ActiveCfg = Debug|Any CPU
		{14CE10DD-1306-4BFF-90E8-38AA0A17496D}.Debug|Any CPU.Build.0 = Debug|Any CPU
		{14CE10DD-1306-4BFF-90E8-38AA0A17496D}.Release|Any CPU.ActiveCfg = Release|Any CPU
		{14CE10DD-1306-4BFF-90E8-38AA0A17496D}.Release|Any CPU.Build.0 = Release|Any CPU
	EndGlobalSection
	GlobalSection(SolutionProperties) = preSolution
		HideSolutionNode = FALSE
	EndGlobalSection
	GlobalSection(ExtensibilityGlobals) = postSolution
		SolutionGuid = {C2E21A19-45E2-49D6-85B1-49CF10C84C95}
	EndGlobalSection
EndGlobal
